<?xml version="1.0" encoding="UTF-8" standalone="yes" ?>
<CodeBlocks_project_file>
	<FileVersion major="1" minor="6" />
	<Project>
		<Option title="server" />
		<Option makefile="makefile" />
		<Option makefile_is_custom="1" />
		<Option pch_mode="2" />
		<Option compiler="cygwin" />
		<Build>
			<Target title="Debug">
				<Option output="bin/Debug/server" prefix_auto="1" extension_auto="1" />
				<Option object_output="obj/Debug/" />
				<Option type="1" />
				<Option compiler="cygwin" />
				<Compiler>
					<Add option="-g" />
				</Compiler>
			</Target>
			<Target title="Release">
				<Option output="bin/Release/server" prefix_auto="1" extension_auto="1" />
				<Option object_output="obj/Release/" />
				<Option type="1" />
				<Option compiler="cygwin" />
				<Compiler>
					<Add option="-O2" />
				</Compiler>
				<Linker>
					<Add option="-s" />
				</Linker>
			</Target>
		</Build>
		<Compiler>
			<Add option="-Wall" />
		</Compiler>
		<Unit filename="../protocol/Connection.hpp" />
		<Unit filename="../protocol/Ip.hpp" />
		<Unit filename="../protocol/Message.hpp" />
		<Unit filename="../protocol/MessageCodes.hpp" />
		<Unit filename="AdminServer.cpp" />
		<Unit filename="AdminServer.hpp" />
		<Unit filename="AgentServer.cpp" />
		<Unit filename="AgentServer.hpp" />
		<Unit filename="BlockingQueue.cpp" />
		<Unit filename="BlockingQueue.hpp" />
		<Unit filename="BlockingQueueTests.cpp">
			<Option compile="0" />
			<Option link="0" />
		</Unit>
		<Unit filename="Controller.cpp" />
		<Unit filename="Controller.hpp" />
		<Unit filename="ControllerTests.cpp">
			<Option compile="0" />
			<Option link="0" />
		</Unit>
		<Unit filename="Event.hpp" />
		<Unit filename="Model.cpp" />
		<Unit filename="Model.hpp" />
		<Unit filename="ServerUnitTests.cpp">
			<Option compile="0" />
			<Option link="0" />
		</Unit>
		<Unit filename="Strategies.hpp" />
		<Unit filename="Strategy.hpp" />
		<Unit filename="makeServerUnitTests" />
		<Unit filename="makefile" />
		<Unit filename="server.cpp" />
		<Unit filename="version.h" />
		<Extensions>
			<code_completion />
			<envvars />
			<debugger />
			<lib_finder disable_auto="1" />
			<AutoVersioning>
				<Scheme minor_max="10" build_max="0" rev_max="0" rev_rand_max="10" build_times_to_increment_minor="100" />
				<Settings autoincrement="1" date_declarations="1" use_define="0" update_manifest="0" do_auto_increment="1" ask_to_increment="1" language="C++" svn="0" svn_directory="" header_path="version.h" />
				<Changes_Log show_changes_editor="1" app_title="released version %M.%m.%b of %p" changeslog_path="ChangesLog.txt" />
				<Code header_guard="VERSION_H" namespace="AutoVersion" prefix="" />
			</AutoVersioning>
			<DoxyBlocks>
				<comment_style block="0" line="0" />
				<doxyfile_project use_auto_version="1" />
				<doxyfile_build extract_all="1" extract_private="1" extract_static="1" />
				<doxyfile_warnings />
				<doxyfile_output />
				<doxyfile_dot class_diagrams="1" have_dot="1" />
				<general />
			</DoxyBlocks>
		</Extensions>
	</Project>
</CodeBlocks_project_file>
